
Microsoft Visual Studio Solution File, Format Version 12.00
# Visual Studio Version 17
VisualStudioVersion = 17.14.36408.4 d17.14
MinimumVisualStudioVersion = 10.0.40219.1
Project("{FAE04EC0-301F-11D3-BF4B-00C04F79EFBC}") = "MedicalAppointmentSystem", "MedicalAppointmentSystem.csproj", "{9770142C-1A7B-4565-80F9-58D7ADE813A4}"
EndProject
Global
	GlobalSection(SolutionConfigurationPlatforms) = preSolution
		Debug|Any CPU = Debug|Any CPU
		Release|Any CPU = Release|Any CPU
	EndGlobalSection
	GlobalSection(ProjectConfigurationPlatforms) = postSolution
		{9770142C-1A7B-4565-80F9-58D7ADE813A4}.Debug|Any CPU.ActiveCfg = Debug|Any CPU
		{9770142C-1A7B-4565-80F9-58D7ADE813A4}.Debug|Any CPU.Build.0 = Debug|Any CPU
		{9770142C-1A7B-4565-80F9-58D7ADE813A4}.Release|Any CPU.ActiveCfg = Release|Any CPU
		{9770142C-1A7B-4565-80F9-58D7ADE813A4}.Release|Any CPU.Build.0 = Release|Any CPU
	EndGlobalSection
	GlobalSection(SolutionProperties) = preSolution
		HideSolutionNode = FALSE
	EndGlobalSection
	GlobalSection(ExtensibilityGlobals) = postSolution
		SolutionGuid = {4C410862-8746-4BC9-BC8F-D5690CB1C747}
	EndGlobalSection
EndGlobal
