
Microsoft Visual Studio Solution File, Format Version 12.00
# Visual Studio Version 17
VisualStudioVersion = 17.14.36408.4 d17.14
MinimumVisualStudioVersion = 10.0.40219.1
Project("{FAE04EC0-301F-11D3-BF4B-00C04F79EFBC}") = "PharmacyManagementSystem", "PharmacyManagementSystem.csproj", "{B2E918D3-03EF-44A7-89AA-80244CA74D03}"
EndProject
Global
	GlobalSection(SolutionConfigurationPlatforms) = preSolution
		Debug|Any CPU = Debug|Any CPU
		Release|Any CPU = Release|Any CPU
	EndGlobalSection
	GlobalSection(ProjectConfigurationPlatforms) = postSolution
		{B2E918D3-03EF-44A7-89AA-80244CA74D03}.Debug|Any CPU.ActiveCfg = Debug|Any CPU
		{B2E918D3-03EF-44A7-89AA-80244CA74D03}.Debug|Any CPU.Build.0 = Debug|Any CPU
		{B2E918D3-03EF-44A7-89AA-80244CA74D03}.Release|Any CPU.ActiveCfg = Release|Any CPU
		{B2E918D3-03EF-44A7-89AA-80244CA74D03}.Release|Any CPU.Build.0 = Release|Any CPU
	EndGlobalSection
	GlobalSection(SolutionProperties) = preSolution
		HideSolutionNode = FALSE
	EndGlobalSection
	GlobalSection(ExtensibilityGlobals) = postSolution
		SolutionGuid = {89C32AB6-4DCD-4CC6-AC57-E5B12A09E9E8}
	EndGlobalSection
EndGlobal
